<<<<<<< HEAD
﻿
Microsoft Visual Studio Solution File, Format Version 12.00
# Visual Studio Version 17
VisualStudioVersion = 17.0.31903.59
MinimumVisualStudioVersion = 10.0.40219.1
Project("{2150E333-8FDC-42A3-9474-1A3956D46DE8}") = "API", "API", "{D82C56D6-B2CD-F611-9E31-04638F7EC30E}"
EndProject
Project("{FAE04EC0-301F-11D3-BF4B-00C04F79EFBC}") = "minimal", "API\minimal.csproj", "{0E46E387-E08B-4D8F-BE53-E79A4E03C1D7}"
EndProject
Project("{FAE04EC0-301F-11D3-BF4B-00C04F79EFBC}") = "Test", "Test\Test.csproj", "{0C810C30-C1DA-41F0-9441-70FEB811B936}"
=======
Microsoft Visual Studio Solution File, Format Version 12.00
# Visual Studio Version 17
VisualStudioVersion = 17.5.2.0
MinimumVisualStudioVersion = 10.0.40219.1
Project("{FAE04EC0-301F-11D3-BF4B-00C04F79EFBC}") = "minimal", "minimal.csproj", "{651BCC32-086E-DF1C-35F6-76CBBEFE3445}"
>>>>>>> 46b86b5 (teste de persistencia)
EndProject
Global
	GlobalSection(SolutionConfigurationPlatforms) = preSolution
		Debug|Any CPU = Debug|Any CPU
<<<<<<< HEAD
		Debug|x64 = Debug|x64
		Debug|x86 = Debug|x86
		Release|Any CPU = Release|Any CPU
		Release|x64 = Release|x64
		Release|x86 = Release|x86
	EndGlobalSection
	GlobalSection(ProjectConfigurationPlatforms) = postSolution
		{0E46E387-E08B-4D8F-BE53-E79A4E03C1D7}.Debug|Any CPU.ActiveCfg = Debug|Any CPU
		{0E46E387-E08B-4D8F-BE53-E79A4E03C1D7}.Debug|Any CPU.Build.0 = Debug|Any CPU
		{0E46E387-E08B-4D8F-BE53-E79A4E03C1D7}.Debug|x64.ActiveCfg = Debug|Any CPU
		{0E46E387-E08B-4D8F-BE53-E79A4E03C1D7}.Debug|x64.Build.0 = Debug|Any CPU
		{0E46E387-E08B-4D8F-BE53-E79A4E03C1D7}.Debug|x86.ActiveCfg = Debug|Any CPU
		{0E46E387-E08B-4D8F-BE53-E79A4E03C1D7}.Debug|x86.Build.0 = Debug|Any CPU
		{0E46E387-E08B-4D8F-BE53-E79A4E03C1D7}.Release|Any CPU.ActiveCfg = Release|Any CPU
		{0E46E387-E08B-4D8F-BE53-E79A4E03C1D7}.Release|Any CPU.Build.0 = Release|Any CPU
		{0E46E387-E08B-4D8F-BE53-E79A4E03C1D7}.Release|x64.ActiveCfg = Release|Any CPU
		{0E46E387-E08B-4D8F-BE53-E79A4E03C1D7}.Release|x64.Build.0 = Release|Any CPU
		{0E46E387-E08B-4D8F-BE53-E79A4E03C1D7}.Release|x86.ActiveCfg = Release|Any CPU
		{0E46E387-E08B-4D8F-BE53-E79A4E03C1D7}.Release|x86.Build.0 = Release|Any CPU
		{0C810C30-C1DA-41F0-9441-70FEB811B936}.Debug|Any CPU.ActiveCfg = Debug|Any CPU
		{0C810C30-C1DA-41F0-9441-70FEB811B936}.Debug|Any CPU.Build.0 = Debug|Any CPU
		{0C810C30-C1DA-41F0-9441-70FEB811B936}.Debug|x64.ActiveCfg = Debug|Any CPU
		{0C810C30-C1DA-41F0-9441-70FEB811B936}.Debug|x64.Build.0 = Debug|Any CPU
		{0C810C30-C1DA-41F0-9441-70FEB811B936}.Debug|x86.ActiveCfg = Debug|Any CPU
		{0C810C30-C1DA-41F0-9441-70FEB811B936}.Debug|x86.Build.0 = Debug|Any CPU
		{0C810C30-C1DA-41F0-9441-70FEB811B936}.Release|Any CPU.ActiveCfg = Release|Any CPU
		{0C810C30-C1DA-41F0-9441-70FEB811B936}.Release|Any CPU.Build.0 = Release|Any CPU
		{0C810C30-C1DA-41F0-9441-70FEB811B936}.Release|x64.ActiveCfg = Release|Any CPU
		{0C810C30-C1DA-41F0-9441-70FEB811B936}.Release|x64.Build.0 = Release|Any CPU
		{0C810C30-C1DA-41F0-9441-70FEB811B936}.Release|x86.ActiveCfg = Release|Any CPU
		{0C810C30-C1DA-41F0-9441-70FEB811B936}.Release|x86.Build.0 = Release|Any CPU
=======
		Release|Any CPU = Release|Any CPU
	EndGlobalSection
	GlobalSection(ProjectConfigurationPlatforms) = postSolution
		{651BCC32-086E-DF1C-35F6-76CBBEFE3445}.Debug|Any CPU.ActiveCfg = Debug|Any CPU
		{651BCC32-086E-DF1C-35F6-76CBBEFE3445}.Debug|Any CPU.Build.0 = Debug|Any CPU
		{651BCC32-086E-DF1C-35F6-76CBBEFE3445}.Release|Any CPU.ActiveCfg = Release|Any CPU
		{651BCC32-086E-DF1C-35F6-76CBBEFE3445}.Release|Any CPU.Build.0 = Release|Any CPU
>>>>>>> 46b86b5 (teste de persistencia)
	EndGlobalSection
	GlobalSection(SolutionProperties) = preSolution
		HideSolutionNode = FALSE
	EndGlobalSection
<<<<<<< HEAD
	GlobalSection(NestedProjects) = preSolution
		{0E46E387-E08B-4D8F-BE53-E79A4E03C1D7} = {D82C56D6-B2CD-F611-9E31-04638F7EC30E}
=======
	GlobalSection(ExtensibilityGlobals) = postSolution
		SolutionGuid = {F1F4E14D-AD14-4406-BE3C-AF54A5C42F49}
>>>>>>> 46b86b5 (teste de persistencia)
	EndGlobalSection
EndGlobal
